
Microsoft Visual Studio Solution File, Format Version 12.00
# Visual Studio Version 16
VisualStudioVersion = 16.0.31112.23
MinimumVisualStudioVersion = 10.0.40219.1
Project("{FAE04EC0-301F-11D3-BF4B-00C04F79EFBC}") = "CC.Plugins.Core", "CC.Plugins.Core.csproj", "{FA4822A8-7119-4775-AFC3-5D1487F79CC8}"
EndProject
Global
	GlobalSection(SolutionConfigurationPlatforms) = preSolution
		Debug|Any CPU = Debug|Any CPU
		EFMigrations|Any CPU = EFMigrations|Any CPU
		PluginDev|Any CPU = PluginDev|Any CPU
		Release|Any CPU = Release|Any CPU
	EndGlobalSection
	GlobalSection(ProjectConfigurationPlatforms) = postSolution
		{FA4822A8-7119-4775-AFC3-5D1487F79CC8}.Debug|Any CPU.ActiveCfg = Debug|Any CPU
		{FA4822A8-7119-4775-AFC3-5D1487F79CC8}.Debug|Any CPU.Build.0 = Debug|Any CPU
		{FA4822A8-7119-4775-AFC3-5D1487F79CC8}.EFMigrations|Any CPU.ActiveCfg = EFMigrations|Any CPU
		{FA4822A8-7119-4775-AFC3-5D1487F79CC8}.EFMigrations|Any CPU.Build.0 = EFMigrations|Any CPU
		{FA4822A8-7119-4775-AFC3-5D1487F79CC8}.PluginDev|Any CPU.ActiveCfg = PluginDev|Any CPU
		{FA4822A8-7119-4775-AFC3-5D1487F79CC8}.PluginDev|Any CPU.Build.0 = PluginDev|Any CPU
		{FA4822A8-7119-4775-AFC3-5D1487F79CC8}.Release|Any CPU.ActiveCfg = Release|Any CPU
		{FA4822A8-7119-4775-AFC3-5D1487F79CC8}.Release|Any CPU.Build.0 = Release|Any CPU
	EndGlobalSection
	GlobalSection(SolutionProperties) = preSolution
		HideSolutionNode = FALSE
	EndGlobalSection
	GlobalSection(ExtensibilityGlobals) = postSolution
		SolutionGuid = {59B38746-2224-42B5-9910-FA9CB83B302B}
	EndGlobalSection
EndGlobal
