
Microsoft Visual Studio Solution File, Format Version 12.00
# Visual Studio Version 17
VisualStudioVersion = 17.0.31919.166
MinimumVisualStudioVersion = 10.0.40219.1
Project("{FAE04EC0-301F-11D3-BF4B-00C04F79EFBC}") = "CC.Plugins.Subscription", "CC.Plugins.Subscription.csproj", "{1498D720-5BCE-424C-956D-78036ACF74EA}"
EndProject
Global
	GlobalSection(SolutionConfigurationPlatforms) = preSolution
		Debug|Any CPU = Debug|Any CPU
		EFMigrations|Any CPU = EFMigrations|Any CPU
		PluginDev|Any CPU = PluginDev|Any CPU
		Release|Any CPU = Release|Any CPU
	EndGlobalSection
	GlobalSection(ProjectConfigurationPlatforms) = postSolution
		{1498D720-5BCE-424C-956D-78036ACF74EA}.Debug|Any CPU.ActiveCfg = Debug|Any CPU
		{1498D720-5BCE-424C-956D-78036ACF74EA}.Debug|Any CPU.Build.0 = Debug|Any CPU
		{1498D720-5BCE-424C-956D-78036ACF74EA}.EFMigrations|Any CPU.ActiveCfg = EFMigrations|Any CPU
		{1498D720-5BCE-424C-956D-78036ACF74EA}.EFMigrations|Any CPU.Build.0 = EFMigrations|Any CPU
		{1498D720-5BCE-424C-956D-78036ACF74EA}.PluginDev|Any CPU.ActiveCfg = PluginDev|Any CPU
		{1498D720-5BCE-424C-956D-78036ACF74EA}.PluginDev|Any CPU.Build.0 = PluginDev|Any CPU
		{1498D720-5BCE-424C-956D-78036ACF74EA}.Release|Any CPU.ActiveCfg = Release|Any CPU
		{1498D720-5BCE-424C-956D-78036ACF74EA}.Release|Any CPU.Build.0 = Release|Any CPU
	EndGlobalSection
	GlobalSection(SolutionProperties) = preSolution
		HideSolutionNode = FALSE
	EndGlobalSection
	GlobalSection(ExtensibilityGlobals) = postSolution
		SolutionGuid = {59B38746-2224-42B5-9910-FA9CB83B302B}
	EndGlobalSection
EndGlobal
